{
  "name": "regie",
  "version": "1.0.5",
  "lockfileVersion": 1,
  "requires": true,
  "dependencies": {
    "lodash.get": {
      "version": "4.4.2",
      "resolved": "https://registry.npmjs.org/lodash.get/-/lodash.get-4.4.2.tgz",
      "integrity": "sha1-LRd/ZS+jHpObRDjVNBSZ36OCXpk="
    },
    "observable-slim": {
      "version": "0.1.5",
      "resolved": "https://registry.npmjs.org/observable-slim/-/observable-slim-0.1.5.tgz",
      "integrity": "sha512-xhDK4EjwM6ehZ6KhTtDc0z5kqBhqoBQPP9pq2n1c+RXA4IcyLIm68ipDwS3nZVXhrCssoKu4LcHDUT1tl0kP9A=="
    }
  }
}
